
Microsoft Visual Studio Solution File, Format Version 12.00
# Visual Studio Version 16
VisualStudioVersion = 16.0.32630.194
MinimumVisualStudioVersion = 10.0.40219.1
Project("{FAE04EC0-301F-11D3-BF4B-00C04F79EFBC}") = "WpfApp1", "WpfApp1\WpfApp1.csproj", "{AD7A8487-5A61-4C5A-B669-B03A293B5D45}"
EndProject
Global
	GlobalSection(SolutionConfigurationPlatforms) = preSolution
		Debug|Any CPU = Debug|Any CPU
		Release|Any CPU = Release|Any CPU
	EndGlobalSection
	GlobalSection(ProjectConfigurationPlatforms) = postSolution
		{AD7A8487-5A61-4C5A-B669-B03A293B5D45}.Debug|Any CPU.ActiveCfg = Debug|Any CPU
		{AD7A8487-5A61-4C5A-B669-B03A293B5D45}.Debug|Any CPU.Build.0 = Debug|Any CPU
		{AD7A8487-5A61-4C5A-B669-B03A293B5D45}.Release|Any CPU.ActiveCfg = Release|Any CPU
		{AD7A8487-5A61-4C5A-B669-B03A293B5D45}.Release|Any CPU.Build.0 = Release|Any CPU
	EndGlobalSection
	GlobalSection(SolutionProperties) = preSolution
		HideSolutionNode = FALSE
	EndGlobalSection
	GlobalSection(ExtensibilityGlobals) = postSolution
		SolutionGuid = {C4BE1FF7-A740-413B-92D1-CF5967199C7B}
	EndGlobalSection
EndGlobal
